{
  "nodes": {
    "buck2-prelude": {
      "flake": false,
      "locked": {
        "lastModified": 1747422168,
        "narHash": "sha256-iO5DxMc0uBhQfCVYJ+gD4avIhqlect7QOaszyBcBtUI=",
        "ref": "refs/heads/main",
        "rev": "b42171bedf69b18a3c9a8e5918e96e10c196062f",
        "revCount": 6116,
        "type": "git",
        "url": "ssh://git@github.com/weyl-ai/straylight-buck2-prelude"
      },
      "original": {
        "type": "git",
        "url": "ssh://git@github.com/weyl-ai/straylight-buck2-prelude"
      }
    },
    "crane": {
      "locked": {
        "lastModified": 1772560058,
        "narHash": "sha256-NuVKdMBJldwUXgghYpzIWJdfeB7ccsu1CC7B+NfSoZ8=",
        "owner": "ipetkov",
        "repo": "crane",
        "rev": "db590d9286ed5ce22017541e36132eab4e8b3045",
        "type": "github"
      },
      "original": {
        "owner": "ipetkov",
        "repo": "crane",
        "type": "github"
      }
    },
    "crane_2": {
      "locked": {
        "lastModified": 1747587869,
        "narHash": "sha256-Zay3WJdSvC2VQmNqWSVLBOg/1iS/0/Q0c9JOBsB+3qw=",
        "owner": "ipetkov",
        "repo": "crane",
        "rev": "76603d32f18e0e378d9f6335c8fc286413493655",
        "type": "github"
      },
      "original": {
        "owner": "ipetkov",
        "repo": "crane",
        "type": "github"
      }
    },
    "flake-compat": {
      "flake": false,
      "locked": {
        "lastModified": 1696426674,
        "narHash": "sha256-kvjfFW7WAETZlt09AgDn1MrtKzP7t90Vf7vypd3OL1U=",
        "owner": "edolstra",
        "repo": "flake-compat",
        "rev": "0f9255e01c2351cc7d116c072cb317785dd33b33",
        "type": "github"
      },
      "original": {
        "owner": "edolstra",
        "repo": "flake-compat",
        "type": "github"
      }
    },
    "flake-parts": {
      "inputs": {
        "nixpkgs-lib": "nixpkgs-lib"
      },
      "locked": {
        "lastModified": 1769996383,
        "narHash": "sha256-AnYjnFWgS49RlqX7LrC4uA+sCCDBj0Ry/WOJ5XWAsa0=",
        "owner": "hercules-ci",
        "repo": "flake-parts",
        "rev": "57928607ea566b5db3ad13af0e57e921e6b12381",
        "type": "github"
      },
      "original": {
        "owner": "hercules-ci",
        "repo": "flake-parts",
        "type": "github"
      }
    },
    "flake-parts_2": {
      "inputs": {
        "nixpkgs-lib": "nixpkgs-lib_2"
      },
      "locked": {
        "lastModified": 1769996383,
        "narHash": "sha256-AnYjnFWgS49RlqX7LrC4uA+sCCDBj0Ry/WOJ5XWAsa0=",
        "owner": "hercules-ci",
        "repo": "flake-parts",
        "rev": "57928607ea566b5db3ad13af0e57e921e6b12381",
        "type": "github"
      },
      "original": {
        "owner": "hercules-ci",
        "repo": "flake-parts",
        "type": "github"
      }
    },
    "flake-parts_3": {
      "inputs": {
        "nixpkgs-lib": [
          "nix2gpu",
          "nixified-ai",
          "hercules-ci-effects",
          "nixpkgs"
        ]
      },
      "locked": {
        "lastModified": 1765495779,
        "narHash": "sha256-MhA7wmo/7uogLxiewwRRmIax70g6q1U/YemqTGoFHlM=",
        "owner": "hercules-ci",
        "repo": "flake-parts",
        "rev": "5635c32d666a59ec9a55cab87e898889869f7b71",
        "type": "github"
      },
      "original": {
        "id": "flake-parts",
        "type": "indirect"
      }
    },
    "flake-parts_4": {
      "inputs": {
        "nixpkgs-lib": "nixpkgs-lib_3"
      },
      "locked": {
        "lastModified": 1767602221,
        "narHash": "sha256-wl3P4WioICNY9SEvClT4JLAWFtItk3CbFNm/FmeeWlI=",
        "owner": "hercules-ci",
        "repo": "flake-parts",
        "rev": "1e34f377e37de05071735d373b481da2508dd625",
        "type": "github"
      },
      "original": {
        "owner": "hercules-ci",
        "repo": "flake-parts",
        "type": "github"
      }
    },
    "flake-parts_5": {
      "inputs": {
        "nixpkgs-lib": "nixpkgs-lib_4"
      },
      "locked": {
        "lastModified": 1769996383,
        "narHash": "sha256-AnYjnFWgS49RlqX7LrC4uA+sCCDBj0Ry/WOJ5XWAsa0=",
        "owner": "hercules-ci",
        "repo": "flake-parts",
        "rev": "57928607ea566b5db3ad13af0e57e921e6b12381",
        "type": "github"
      },
      "original": {
        "owner": "hercules-ci",
        "repo": "flake-parts",
        "type": "github"
      }
    },
    "flake-parts_6": {
      "inputs": {
        "nixpkgs-lib": "nixpkgs-lib_5"
      },
      "locked": {
        "lastModified": 1743550720,
        "narHash": "sha256-hIshGgKZCgWh6AYJpJmRgFdR3WUbkY04o82X05xqQiY=",
        "owner": "hercules-ci",
        "repo": "flake-parts",
        "rev": "c621e8422220273271f52058f618c94e405bb0f5",
        "type": "github"
      },
      "original": {
        "owner": "hercules-ci",
        "repo": "flake-parts",
        "type": "github"
      }
    },
    "flake-utils": {
      "inputs": {
        "systems": "systems"
      },
      "locked": {
        "lastModified": 1710146030,
        "narHash": "sha256-SZ5L6eA7HJ/nmkzGG7/ISclqe6oZdOZTNoesiInkXPQ=",
        "owner": "numtide",
        "repo": "flake-utils",
        "rev": "b1d9ab70662946ef0850d488da1c9019f3a9752a",
        "type": "github"
      },
      "original": {
        "owner": "numtide",
        "repo": "flake-utils",
        "type": "github"
      }
    },
    "ghc-source-gen-src": {
      "flake": false,
      "locked": {
        "lastModified": 1767727283,
        "narHash": "sha256-TsPEK0I5c9FYqZp0lAzQNogqEv1LPMzdjFO9EtOm/Ls=",
        "owner": "google",
        "repo": "ghc-source-gen",
        "rev": "79ecc01213131da03a7198fc377606ce72ac037a",
        "type": "github"
      },
      "original": {
        "owner": "google",
        "repo": "ghc-source-gen",
        "type": "github"
      }
    },
    "git-hooks": {
      "inputs": {
        "flake-compat": "flake-compat",
        "gitignore": "gitignore",
        "nixpkgs": [
          "sensenet",
          "nativelink",
          "nixpkgs"
        ]
      },
      "locked": {
        "lastModified": 1747372754,
        "narHash": "sha256-2Y53NGIX2vxfie1rOW0Qb86vjRZ7ngizoo+bnXU9D9k=",
        "owner": "cachix",
        "repo": "git-hooks.nix",
        "rev": "80479b6ec16fefd9c1db3ea13aeb038c60530f46",
        "type": "github"
      },
      "original": {
        "owner": "cachix",
        "repo": "git-hooks.nix",
        "type": "github"
      }
    },
    "gitignore": {
      "inputs": {
        "nixpkgs": [
          "sensenet",
          "nativelink",
          "git-hooks",
          "nixpkgs"
        ]
      },
      "locked": {
        "lastModified": 1709087332,
        "narHash": "sha256-HG2cCnktfHsKV0s4XW83gU3F57gaTljL9KNSuG6bnQs=",
        "owner": "hercules-ci",
        "repo": "gitignore.nix",
        "rev": "637db329424fd7e46cf4185293b9cc8c88c95394",
        "type": "github"
      },
      "original": {
        "owner": "hercules-ci",
        "repo": "gitignore.nix",
        "type": "github"
      }
    },
    "haskemathesis": {
      "flake": false,
      "locked": {
        "lastModified": 1771593661,
        "narHash": "sha256-taVzmYjW78lVmUgCqR+D29bFiKmVuDMLBIbVw+NrNMw=",
        "ref": "refs/heads/master",
        "rev": "d8046c168cd187e13a3bf42144f0a3684c1e396f",
        "revCount": 30,
        "type": "git",
        "url": "ssh://git@github.com/weyl-ai/haskemathesis.git"
      },
      "original": {
        "type": "git",
        "url": "ssh://git@github.com/weyl-ai/haskemathesis.git"
      }
    },
    "hercules-ci-effects": {
      "inputs": {
        "flake-parts": "flake-parts_3",
        "nixpkgs": [
          "nix2gpu",
          "nixified-ai",
          "nixpkgs"
        ]
      },
      "locked": {
        "lastModified": 1765774562,
        "narHash": "sha256-UQhfCggNGDc7eam+EittlYmeW89CZVT1KkFIHZWBH7k=",
        "owner": "hercules-ci",
        "repo": "hercules-ci-effects",
        "rev": "edcbb19948b6caf1700434e369fde6ff9e6a3c93",
        "type": "github"
      },
      "original": {
        "owner": "hercules-ci",
        "repo": "hercules-ci-effects",
        "type": "github"
      }
    },
    "home-manager": {
      "inputs": {
        "nixpkgs": [
          "nixpkgs"
        ]
      },
      "locked": {
        "lastModified": 1771519029,
        "narHash": "sha256-H59Qf82wv5kBXVoyXsmUKW+9J3o8FqgY4uKaLdsLdLg=",
        "owner": "nix-community",
        "repo": "home-manager",
        "rev": "167e0b6837115e672ec5f58e2b0ea39093abe807",
        "type": "github"
      },
      "original": {
        "owner": "nix-community",
        "repo": "home-manager",
        "type": "github"
      }
    },
    "home-manager_2": {
      "inputs": {
        "nixpkgs": [
          "nix2gpu",
          "nixpkgs"
        ]
      },
      "locked": {
        "lastModified": 1768240557,
        "narHash": "sha256-bVqJ34yMiiUQwYhjliiiN5LBH1Y+UldbIjNTCUtDdwE=",
        "owner": "nix-community",
        "repo": "home-manager",
        "rev": "b3f737e70fb9eef1d2308ea6738ffed5ae080f9b",
        "type": "github"
      },
      "original": {
        "owner": "nix-community",
        "repo": "home-manager",
        "type": "github"
      }
    },
    "import-tree": {
      "locked": {
        "lastModified": 1771045967,
        "narHash": "sha256-oYO4poyw0Sb/db2PigqugMlDwsvwLg6CSpFrMUWxA3Q=",
        "owner": "vic",
        "repo": "import-tree",
        "rev": "c968d3b54d12cf5d9c13f16f7c545a06c9d1fde6",
        "type": "github"
      },
      "original": {
        "owner": "vic",
        "repo": "import-tree",
        "type": "github"
      }
    },
    "import-tree_2": {
      "locked": {
        "lastModified": 1763762820,
        "narHash": "sha256-ZvYKbFib3AEwiNMLsejb/CWs/OL/srFQ8AogkebEPF0=",
        "owner": "vic",
        "repo": "import-tree",
        "rev": "3c23749d8013ec6daa1d7255057590e9ca726646",
        "type": "github"
      },
      "original": {
        "owner": "vic",
        "repo": "import-tree",
        "type": "github"
      }
    },
    "llvm-project": {
      "flake": false,
      "locked": {
        "lastModified": 1767604300,
        "narHash": "sha256-mxeR/IxwZqi+Wbh0MXE0YFFzCQl8YpIY/nHF5WyHMNE=",
        "owner": "llvm",
        "repo": "llvm-project",
        "rev": "bb1f220d534b0f6d80bea36662f5188ff11c2e54",
        "type": "github"
      },
      "original": {
        "owner": "llvm",
        "repo": "llvm-project",
        "rev": "bb1f220d534b0f6d80bea36662f5188ff11c2e54",
        "type": "github"
      }
    },
    "llvm-project_2": {
      "flake": false,
      "locked": {
        "lastModified": 1767604300,
        "narHash": "sha256-mxeR/IxwZqi+Wbh0MXE0YFFzCQl8YpIY/nHF5WyHMNE=",
        "owner": "llvm",
        "repo": "llvm-project",
        "rev": "bb1f220d534b0f6d80bea36662f5188ff11c2e54",
        "type": "github"
      },
      "original": {
        "owner": "llvm",
        "repo": "llvm-project",
        "rev": "bb1f220d534b0f6d80bea36662f5188ff11c2e54",
        "type": "github"
      }
    },
    "nativelink": {
      "inputs": {
        "crane": "crane_2",
        "flake-parts": "flake-parts_6",
        "git-hooks": "git-hooks",
        "nix2container": "nix2container_2",
        "nixpkgs": "nixpkgs_2",
        "rust-overlay": "rust-overlay_2"
      },
      "locked": {
        "lastModified": 1770034444,
        "narHash": "sha256-MRQb1vb78XKrOqb4QbKD6SgJzNlBLwXbdVZwitSuO9c=",
        "owner": "TraceMachina",
        "repo": "nativelink",
        "rev": "85385e68271d78b2b72a24098202aade157a5553",
        "type": "github"
      },
      "original": {
        "owner": "TraceMachina",
        "repo": "nativelink",
        "type": "github"
      }
    },
    "nimi": {
      "inputs": {
        "nix2container": "nix2container",
        "nixpkgs": [
          "nixpkgs"
        ]
      },
      "locked": {
        "lastModified": 1771178957,
        "narHash": "sha256-vfwz/D1ggRJdny/XaL62Mx2t8VIyaA1YtLuRZ7wjnrg=",
        "owner": "weyl-ai",
        "repo": "nimi",
        "rev": "08a12bcddbca92b770f239da195188edd4d2f45a",
        "type": "github"
      },
      "original": {
        "owner": "weyl-ai",
        "repo": "nimi",
        "type": "github"
      }
    },
    "nix-compile": {
      "inputs": {
        "flake-parts": "flake-parts_2",
        "nixpkgs": [
          "nixpkgs"
        ]
      },
      "locked": {
        "lastModified": 1771453542,
        "narHash": "sha256-6wbGqNhVN4m1Wd7TsqnQWF5MYTnSJ/B3NNWGmNcqbUU=",
        "ref": "refs/heads/main",
        "rev": "5444880620d19b1c91b3fae8194ccfea0916eeee",
        "revCount": 8,
        "type": "git",
        "url": "ssh://git@github.com/straylight-software/nix-compile"
      },
      "original": {
        "type": "git",
        "url": "ssh://git@github.com/straylight-software/nix-compile"
      }
    },
    "nix2container": {
      "inputs": {
        "nixpkgs": [
          "nimi",
          "nixpkgs"
        ]
      },
      "locked": {
        "lastModified": 1767430085,
        "narHash": "sha256-SiXJ6xv4pS2MDUqfj0/mmG746cGeJrMQGmoFgHLS25Y=",
        "owner": "nlewo",
        "repo": "nix2container",
        "rev": "66f4b8a47e92aa744ec43acbb5e9185078983909",
        "type": "github"
      },
      "original": {
        "owner": "nlewo",
        "repo": "nix2container",
        "type": "github"
      }
    },
    "nix2container_2": {
      "inputs": {
        "flake-utils": "flake-utils",
        "nixpkgs": [
          "sensenet",
          "nativelink",
          "nixpkgs"
        ]
      },
      "locked": {
        "lastModified": 1729339656,
        "narHash": "sha256-smV7HQ/OqZeRguQxNjsb3uQDwm0p6zKDbSDbPCav/oY=",
        "owner": "nlewo",
        "repo": "nix2container",
        "rev": "cc96df7c3747c61c584d757cfc083922b4f4b33e",
        "type": "github"
      },
      "original": {
        "owner": "nlewo",
        "repo": "nix2container",
        "rev": "cc96df7c3747c61c584d757cfc083922b4f4b33e",
        "type": "github"
      }
    },
    "nix2gpu": {
      "inputs": {
        "flake-parts": [
          "flake-parts"
        ],
        "home-manager": "home-manager_2",
        "import-tree": "import-tree_2",
        "nimi": [
          "nimi"
        ],
        "nix2container": [
          "nix2gpu",
          "nimi",
          "nix2container"
        ],
        "nixified-ai": "nixified-ai",
        "nixpkgs": [
          "nixpkgs"
        ],
        "systems": [
          "systems"
        ],
        "treefmt-nix": "treefmt-nix"
      },
      "locked": {
        "lastModified": 1769165807,
        "narHash": "sha256-MALi0mpKiY9gzpzPzjedKrglqUaeS4p64XuHUnNqL+c=",
        "owner": "fleek-sh",
        "repo": "nix2gpu",
        "rev": "c6391d52429db8ad38efb56d46bf691b11001438",
        "type": "github"
      },
      "original": {
        "owner": "fleek-sh",
        "repo": "nix2gpu",
        "type": "github"
      }
    },
    "nixified-ai": {
      "inputs": {
        "flake-parts": [
          "nix2gpu",
          "flake-parts"
        ],
        "hercules-ci-effects": "hercules-ci-effects",
        "nixpkgs": [
          "nix2gpu",
          "nixpkgs"
        ]
      },
      "locked": {
        "lastModified": 1767843980,
        "narHash": "sha256-skl1BnMj8BkpFTFG0Ix+ejOU3dRAvHHBUhd/l7PhYVU=",
        "owner": "nixified-ai",
        "repo": "flake",
        "rev": "4a0e94067f863de3a2711d48651e499cb51f337e",
        "type": "github"
      },
      "original": {
        "owner": "nixified-ai",
        "repo": "flake",
        "type": "github"
      }
    },
    "nixpkgs": {
      "locked": {
        "lastModified": 1771369470,
        "narHash": "sha256-0NBlEBKkN3lufyvFegY4TYv5mCNHbi5OmBDrzihbBMQ=",
        "owner": "NixOS",
        "repo": "nixpkgs",
        "rev": "0182a361324364ae3f436a63005877674cf45efb",
        "type": "github"
      },
      "original": {
        "owner": "NixOS",
        "ref": "nixos-unstable",
        "repo": "nixpkgs",
        "type": "github"
      }
    },
    "nixpkgs-lib": {
      "locked": {
        "lastModified": 1769909678,
        "narHash": "sha256-cBEymOf4/o3FD5AZnzC3J9hLbiZ+QDT/KDuyHXVJOpM=",
        "owner": "nix-community",
        "repo": "nixpkgs.lib",
        "rev": "72716169fe93074c333e8d0173151350670b824c",
        "type": "github"
      },
      "original": {
        "owner": "nix-community",
        "repo": "nixpkgs.lib",
        "type": "github"
      }
    },
    "nixpkgs-lib_2": {
      "locked": {
        "lastModified": 1769909678,
        "narHash": "sha256-cBEymOf4/o3FD5AZnzC3J9hLbiZ+QDT/KDuyHXVJOpM=",
        "owner": "nix-community",
        "repo": "nixpkgs.lib",
        "rev": "72716169fe93074c333e8d0173151350670b824c",
        "type": "github"
      },
      "original": {
        "owner": "nix-community",
        "repo": "nixpkgs.lib",
        "type": "github"
      }
    },
    "nixpkgs-lib_3": {
      "locked": {
        "lastModified": 1765674936,
        "narHash": "sha256-k00uTP4JNfmejrCLJOwdObYC9jHRrr/5M/a/8L2EIdo=",
        "owner": "nix-community",
        "repo": "nixpkgs.lib",
        "rev": "2075416fcb47225d9b68ac469a5c4801a9c4dd85",
        "type": "github"
      },
      "original": {
        "owner": "nix-community",
        "repo": "nixpkgs.lib",
        "type": "github"
      }
    },
    "nixpkgs-lib_4": {
      "locked": {
        "lastModified": 1769909678,
        "narHash": "sha256-cBEymOf4/o3FD5AZnzC3J9hLbiZ+QDT/KDuyHXVJOpM=",
        "owner": "nix-community",
        "repo": "nixpkgs.lib",
        "rev": "72716169fe93074c333e8d0173151350670b824c",
        "type": "github"
      },
      "original": {
        "owner": "nix-community",
        "repo": "nixpkgs.lib",
        "type": "github"
      }
    },
    "nixpkgs-lib_5": {
      "locked": {
        "lastModified": 1743296961,
        "narHash": "sha256-b1EdN3cULCqtorQ4QeWgLMrd5ZGOjLSLemfa00heasc=",
        "owner": "nix-community",
        "repo": "nixpkgs.lib",
        "rev": "e4822aea2a6d1cdd36653c134cacfd64c97ff4fa",
        "type": "github"
      },
      "original": {
        "owner": "nix-community",
        "repo": "nixpkgs.lib",
        "type": "github"
      }
    },
    "nixpkgs_2": {
      "locked": {
        "lastModified": 1747852984,
        "narHash": "sha256-q2PmaOxyR3zqOF54a3E1Cj1gh0sDu8APX9b+OkX4J5s=",
        "owner": "NixOS",
        "repo": "nixpkgs",
        "rev": "8c441601c43232976179eac52dde704c8bdf81ed",
        "type": "github"
      },
      "original": {
        "owner": "NixOS",
        "ref": "nixos-unstable",
        "repo": "nixpkgs",
        "type": "github"
      }
    },
    "nixpkgs_3": {
      "locked": {
        "lastModified": 1767364772,
        "narHash": "sha256-fFUnEYMla8b7UKjijLnMe+oVFOz6HjijGGNS1l7dYaQ=",
        "owner": "nixos",
        "repo": "nixpkgs",
        "rev": "16c7794d0a28b5a37904d55bcca36003b9109aaa",
        "type": "github"
      },
      "original": {
        "owner": "nixos",
        "ref": "nixpkgs-unstable",
        "repo": "nixpkgs",
        "type": "github"
      }
    },
    "nvidia-sdk": {
      "inputs": {
        "flake-parts": "flake-parts_4",
        "llvm-project": "llvm-project",
        "nixpkgs": [
          "nixpkgs"
        ]
      },
      "locked": {
        "lastModified": 1771515483,
        "narHash": "sha256-EVQjIxfbx5pK3jWZ/TYk9u6Lse87fldmEbdvqI4X5qw=",
        "ref": "refs/heads/main",
        "rev": "1b4b35f82902e2941d4e8072bc89e18df32feeca",
        "revCount": 4,
        "type": "git",
        "url": "ssh://git@github.com/weyl-ai/nvidia-sdk"
      },
      "original": {
        "type": "git",
        "url": "ssh://git@github.com/weyl-ai/nvidia-sdk"
      }
    },
    "root": {
      "inputs": {
        "buck2-prelude": "buck2-prelude",
        "crane": "crane",
        "flake-parts": "flake-parts",
        "haskemathesis": "haskemathesis",
        "home-manager": "home-manager",
        "import-tree": "import-tree",
        "nimi": "nimi",
        "nix-compile": "nix-compile",
        "nix2container": [
          "nimi",
          "nix2container"
        ],
        "nix2gpu": "nix2gpu",
        "nixpkgs": "nixpkgs",
        "nvidia-sdk": "nvidia-sdk",
        "rust-overlay": "rust-overlay",
        "sensenet": "sensenet",
        "systems": "systems_3",
        "treefmt-nix": "treefmt-nix_3"
      }
    },
    "rust-overlay": {
      "inputs": {
        "nixpkgs": [
          "nixpkgs"
        ]
      },
      "locked": {
        "lastModified": 1772593411,
        "narHash": "sha256-47WOnCSyOL6AghZiMIJaTLWM359DHe3be9R1cNCdGUE=",
        "owner": "oxalica",
        "repo": "rust-overlay",
        "rev": "a741b36b77440f5db15fcf2ab6d7d592d2f9ee8f",
        "type": "github"
      },
      "original": {
        "owner": "oxalica",
        "repo": "rust-overlay",
        "type": "github"
      }
    },
    "rust-overlay_2": {
      "inputs": {
        "nixpkgs": [
          "sensenet",
          "nativelink",
          "nixpkgs"
        ]
      },
      "locked": {
        "lastModified": 1747795013,
        "narHash": "sha256-c7i0xJ+xFhgjO9SWHYu5dF/7lq63RPDvwKAdjc6VCE4=",
        "owner": "oxalica",
        "repo": "rust-overlay",
        "rev": "6b1cf12374361859242a562e1933a7930649131a",
        "type": "github"
      },
      "original": {
        "owner": "oxalica",
        "repo": "rust-overlay",
        "type": "github"
      }
    },
    "sensenet": {
      "inputs": {
        "buck2-prelude": [
          "buck2-prelude"
        ],
        "flake-parts": "flake-parts_5",
        "ghc-source-gen-src": "ghc-source-gen-src",
        "llvm-project": "llvm-project_2",
        "nativelink": "nativelink",
        "nix-compile": [
          "nix-compile"
        ],
        "nixpkgs": [
          "nixpkgs"
        ],
        "nvidia-sdk": [
          "nvidia-sdk"
        ],
        "systems": "systems_2",
        "treefmt-nix": "treefmt-nix_2"
      },
      "locked": {
        "lastModified": 1770977774,
        "narHash": "sha256-8RpwcN8yWRtM0/28mNadypKdeyHleRMOHw2Ocx6lVsI=",
        "ref": "refs/heads/main",
        "rev": "ee932286cdee0142ee793fd22dde8c39465b7d08",
        "revCount": 6,
        "type": "git",
        "url": "ssh://git@github.com/straylight-software/sensenet"
      },
      "original": {
        "type": "git",
        "url": "ssh://git@github.com/straylight-software/sensenet"
      }
    },
    "systems": {
      "locked": {
        "lastModified": 1681028828,
        "narHash": "sha256-Vy1rq5AaRuLzOxct8nz4T6wlgyUR7zLU309k9mBC768=",
        "owner": "nix-systems",
        "repo": "default",
        "rev": "da67096a3b9bf56a91d16901293e51ba5b49a27e",
        "type": "github"
      },
      "original": {
        "owner": "nix-systems",
        "repo": "default",
        "type": "github"
      }
    },
    "systems_2": {
      "locked": {
        "lastModified": 1681028828,
        "narHash": "sha256-Vy1rq5AaRuLzOxct8nz4T6wlgyUR7zLU309k9mBC768=",
        "owner": "nix-systems",
        "repo": "default",
        "rev": "da67096a3b9bf56a91d16901293e51ba5b49a27e",
        "type": "github"
      },
      "original": {
        "owner": "nix-systems",
        "repo": "default",
        "type": "github"
      }
    },
    "systems_3": {
      "locked": {
        "lastModified": 1680978846,
        "narHash": "sha256-Gtqg8b/v49BFDpDetjclCYXm8mAnTrUzR0JnE2nv5aw=",
        "owner": "nix-systems",
        "repo": "x86_64-linux",
        "rev": "2ecfcac5e15790ba6ce360ceccddb15ad16d08a8",
        "type": "github"
      },
      "original": {
        "owner": "nix-systems",
        "repo": "x86_64-linux",
        "type": "github"
      }
    },
    "treefmt-nix": {
      "inputs": {
        "nixpkgs": [
          "nix2gpu",
          "nixpkgs"
        ]
      },
      "locked": {
        "lastModified": 1768158989,
        "narHash": "sha256-67vyT1+xClLldnumAzCTBvU0jLZ1YBcf4vANRWP3+Ak=",
        "owner": "numtide",
        "repo": "treefmt-nix",
        "rev": "e96d59dff5c0d7fddb9d113ba108f03c3ef99eca",
        "type": "github"
      },
      "original": {
        "owner": "numtide",
        "repo": "treefmt-nix",
        "type": "github"
      }
    },
    "treefmt-nix_2": {
      "inputs": {
        "nixpkgs": "nixpkgs_3"
      },
      "locked": {
        "lastModified": 1769691507,
        "narHash": "sha256-8aAYwyVzSSwIhP2glDhw/G0i5+wOrren3v6WmxkVonM=",
        "owner": "numtide",
        "repo": "treefmt-nix",
        "rev": "28b19c5844cc6e2257801d43f2772a4b4c050a1b",
        "type": "github"
      },
      "original": {
        "owner": "numtide",
        "repo": "treefmt-nix",
        "type": "github"
      }
    },
    "treefmt-nix_3": {
      "inputs": {
        "nixpkgs": [
          "nixpkgs"
        ]
      },
      "locked": {
        "lastModified": 1770228511,
        "narHash": "sha256-wQ6NJSuFqAEmIg2VMnLdCnUc0b7vslUohqqGGD+Fyxk=",
        "owner": "numtide",
        "repo": "treefmt-nix",
        "rev": "337a4fe074be1042a35086f15481d763b8ddc0e7",
        "type": "github"
      },
      "original": {
        "owner": "numtide",
        "repo": "treefmt-nix",
        "type": "github"
      }
    }
  },
  "root": "root",
  "version": 7
}
